
Microsoft Visual Studio Solution File, Format Version 12.00
# Visual Studio Version 16
VisualStudioVersion = 16.0.32106.194
MinimumVisualStudioVersion = 10.0.40219.1
Project("{FAE04EC0-301F-11D3-BF4B-00C04F79EFBC}") = "sayılar toplamı", "sayılar toplamı\sayılar toplamı.csproj", "{83288BA1-D6DD-4465-927B-C9595A753C63}"
EndProject
Global
	GlobalSection(SolutionConfigurationPlatforms) = preSolution
		Debug|Any CPU = Debug|Any CPU
		Release|Any CPU = Release|Any CPU
	EndGlobalSection
	GlobalSection(ProjectConfigurationPlatforms) = postSolution
		{83288BA1-D6DD-4465-927B-C9595A753C63}.Debug|Any CPU.ActiveCfg = Debug|Any CPU
		{83288BA1-D6DD-4465-927B-C9595A753C63}.Debug|Any CPU.Build.0 = Debug|Any CPU
		{83288BA1-D6DD-4465-927B-C9595A753C63}.Release|Any CPU.ActiveCfg = Release|Any CPU
		{83288BA1-D6DD-4465-927B-C9595A753C63}.Release|Any CPU.Build.0 = Release|Any CPU
	EndGlobalSection
	GlobalSection(SolutionProperties) = preSolution
		HideSolutionNode = FALSE
	EndGlobalSection
	GlobalSection(ExtensibilityGlobals) = postSolution
		SolutionGuid = {632BA5B3-548B-4E5E-BBAD-7B0D63E8B4AA}
	EndGlobalSection
EndGlobal
